
Microsoft Visual Studio Solution File, Format Version 12.00
# Visual Studio Version 17
VisualStudioVersion = 17.8.34330.188
MinimumVisualStudioVersion = 10.0.40219.1
Project("{FAE04EC0-301F-11D3-BF4B-00C04F79EFBC}") = "Cinema for University", "Cinema for University\Cinema for University.csproj", "{ADB49E83-425A-4710-8498-2770D3C3BEF1}"
EndProject
Global
	GlobalSection(SolutionConfigurationPlatforms) = preSolution
		Debug|Any CPU = Debug|Any CPU
		Release|Any CPU = Release|Any CPU
	EndGlobalSection
	GlobalSection(ProjectConfigurationPlatforms) = postSolution
		{ADB49E83-425A-4710-8498-2770D3C3BEF1}.Debug|Any CPU.ActiveCfg = Debug|Any CPU
		{ADB49E83-425A-4710-8498-2770D3C3BEF1}.Debug|Any CPU.Build.0 = Debug|Any CPU
		{ADB49E83-425A-4710-8498-2770D3C3BEF1}.Release|Any CPU.ActiveCfg = Release|Any CPU
		{ADB49E83-425A-4710-8498-2770D3C3BEF1}.Release|Any CPU.Build.0 = Release|Any CPU
	EndGlobalSection
	GlobalSection(SolutionProperties) = preSolution
		HideSolutionNode = FALSE
	EndGlobalSection
	GlobalSection(ExtensibilityGlobals) = postSolution
		SolutionGuid = {DEDD2DDE-B10D-44E5-8D82-236132A12141}
	EndGlobalSection
EndGlobal
